{"1.2.0",
[{<<"gpb">>,{pkg,<<"gpb">>,<<"4.21.4">>},1},
 {<<"grpc_lib">>,{pkg,<<"grpc_lib">>,<<"0.1.2">>},0}]}.
[
{pkg_hash,[
 {<<"gpb">>, <<"1BA426C2CE9D25AD6E2B279DE015644D22466FB874EADC0E442A1CF2DFA53EAB">>},
 {<<"grpc_lib">>, <<"F5CBF5F836AA26AB347783FCC4C0A4A3D27D95311E56AAFEC956691BE1570D2E">>}]},
{pkg_hash_ext,[
 {<<"gpb">>, <<"5F37AAA17CFCA4E09D81D95F79DF4CFED6FE25436000BC188E4E58881ED0298B">>},
 {<<"grpc_lib">>, <<"A6A2A5758E9EAD476CC715240E3B1D3294B28EBF8DCC5266B7489D7CD0EFE909">>}]}
].
